// !$*UTF8*$!
{
	archiveVersion = 1;
	classes = {
	};
	objectVersion = 52;
	objects = {

/* Begin PBXBuildFile section */
		EFA85FF326A16FE100993DDA /* AppDelegate.swift in Sources */ = {isa = PBXBuildFile; fileRef = EFA85FF226A16FE100993DDA /* AppDelegate.swift */; };
		EFA85FF526A16FE100993DDA /* SceneDelegate.swift in Sources */ = {isa = PBXBuildFile; fileRef = EFA85FF426A16FE100993DDA /* SceneDelegate.swift */; };
		EFA85FF726A16FE100993DDA /* ViewController.swift in Sources */ = {isa = PBXBuildFile; fileRef = EFA85FF626A16FE100993DDA /* ViewController.swift */; };
		EFA85FFA26A16FE100993DDA /* Main.storyboard in Resources */ = {isa = PBXBuildFile; fileRef = EFA85FF826A16FE100993DDA /* Main.storyboard */; };
		EFA85FFC26A16FE200993DDA /* Assets.xcassets in Resources */ = {isa = PBXBuildFile; fileRef = EFA85FFB26A16FE200993DDA /* Assets.xcassets */; };
		EFA85FFF26A16FE200993DDA /* LaunchScreen.storyboard in Resources */ = {isa = PBXBuildFile; fileRef = EFA85FFD26A16FE200993DDA /* LaunchScreen.storyboard */; };
		EFA8600A26A16FE200993DDA /* AssignmentTimelineTests.swift in Sources */ = {isa = PBXBuildFile; fileRef = EFA8600926A16FE200993DDA /* AssignmentTimelineTests.swift */; };
		EFA8601526A16FE200993DDA /* AssignmentTimelineUITests.swift in Sources */ = {isa = PBXBuildFile; fileRef = EFA8601426A16FE200993DDA /* AssignmentTimelineUITests.swift */; };
		EFA8602526A170DC00993DDA /* URLSessionProtocol.swift in Sources */ = {isa = PBXBuildFile; fileRef = EFA8602426A170DC00993DDA /* URLSessionProtocol.swift */; };
		EFA8602826A172A600993DDA /* APIRequest.swift in Sources */ = {isa = PBXBuildFile; fileRef = EFA8602726A172A600993DDA /* APIRequest.swift */; };
		EFA8602A26A173F000993DDA /* APIClient.swift in Sources */ = {isa = PBXBuildFile; fileRef = EFA8602926A173F000993DDA /* APIClient.swift */; };
		EFA8602E26A1746C00993DDA /* XCTestCase+.swift in Sources */ = {isa = PBXBuildFile; fileRef = EFA8602D26A1746C00993DDA /* XCTestCase+.swift */; };
		EFA8603026A174BF00993DDA /* Encodable+.swift in Sources */ = {isa = PBXBuildFile; fileRef = EFA8602F26A174BF00993DDA /* Encodable+.swift */; };
		EFA8603426A1750D00993DDA /* APIClientTests.swift in Sources */ = {isa = PBXBuildFile; fileRef = EFA8603326A1750D00993DDA /* APIClientTests.swift */; };
		EFA8603626A175FB00993DDA /* HTTPMethod.swift in Sources */ = {isa = PBXBuildFile; fileRef = EFA8603526A175FB00993DDA /* HTTPMethod.swift */; };
		EFA8603F26A2A29100993DDA /* EmailAddressValidator.swift in Sources */ = {isa = PBXBuildFile; fileRef = EFA8603E26A2A29100993DDA /* EmailAddressValidator.swift */; };
		EFA8604326A2A51D00993DDA /* EmailAddressValidatorTests.swift in Sources */ = {isa = PBXBuildFile; fileRef = EFA8604226A2A51D00993DDA /* EmailAddressValidatorTests.swift */; };
		EFA8604526A2B2C300993DDA /* Validator.swift in Sources */ = {isa = PBXBuildFile; fileRef = EFA8604426A2B2C300993DDA /* Validator.swift */; };
		EFA8604C26A2BF7500993DDA /* LoginView.swift in Sources */ = {isa = PBXBuildFile; fileRef = EFA8604B26A2BF7500993DDA /* LoginView.swift */; };
		EFA8605326A2FCDA00993DDA /* LoginState.swift in Sources */ = {isa = PBXBuildFile; fileRef = EFA8605226A2FCDA00993DDA /* LoginState.swift */; };
		EFA8605626A2FCF800993DDA /* LoginAction.swift in Sources */ = {isa = PBXBuildFile; fileRef = EFA8605526A2FCF800993DDA /* LoginAction.swift */; };
		EFA8605926A2FD2600993DDA /* LoginReducer.swift in Sources */ = {isa = PBXBuildFile; fileRef = EFA8605826A2FD2600993DDA /* LoginReducer.swift */; };
		EFA8605D26A2FD9300993DDA /* LoginEnvironment.swift in Sources */ = {isa = PBXBuildFile; fileRef = EFA8605C26A2FD9300993DDA /* LoginEnvironment.swift */; };
		EFA8605F26A2FF2D00993DDA /* SharedReducers.swift in Sources */ = {isa = PBXBuildFile; fileRef = EFA8605E26A2FF2D00993DDA /* SharedReducers.swift */; };
		EFA8606526A3027400993DDA /* ComposableArchitecture in Frameworks */ = {isa = PBXBuildFile; productRef = EFA8604726A2B49900993DDA /* ComposableArchitecture */; };
		EFA8606926A30CD200993DDA /* LoginPasswordValidator.swift in Sources */ = {isa = PBXBuildFile; fileRef = EFA8606826A30CD200993DDA /* LoginPasswordValidator.swift */; };
		EFA8606B26A30E6000993DDA /* LoginPasswordValidatorTests.swift in Sources */ = {isa = PBXBuildFile; fileRef = EFA8606A26A30E6000993DDA /* LoginPasswordValidatorTests.swift */; };
		EFA8606D26A3121A00993DDA /* LoginTextInputView.swift in Sources */ = {isa = PBXBuildFile; fileRef = EFA8606C26A3121A00993DDA /* LoginTextInputView.swift */; };
		EFA8607126A31C6A00993DDA /* LoginRepository.swift in Sources */ = {isa = PBXBuildFile; fileRef = EFA8607026A31C6A00993DDA /* LoginRepository.swift */; };
		EFA8607426A31CE500993DDA /* LoginRequest.swift in Sources */ = {isa = PBXBuildFile; fileRef = EFA8607326A31CE500993DDA /* LoginRequest.swift */; };
		EFA8607726A31F4200993DDA /* LoginResponse.swift in Sources */ = {isa = PBXBuildFile; fileRef = EFA8607626A31F4200993DDA /* LoginResponse.swift */; };
		EFA8607B26A3B03700993DDA /* OSLog+network.swift in Sources */ = {isa = PBXBuildFile; fileRef = EFA8607A26A3B03700993DDA /* OSLog+network.swift */; };
		EFA8608126A462FF00993DDA /* LoginAlertState.swift in Sources */ = {isa = PBXBuildFile; fileRef = EFA8608026A462FF00993DDA /* LoginAlertState.swift */; };
		EFA8608326A5083700993DDA /* LoginAlertView.swift in Sources */ = {isa = PBXBuildFile; fileRef = EFA8608226A5083700993DDA /* LoginAlertView.swift */; };
		EFA8608526A50AF100993DDA /* EmptyEnvironment.swift in Sources */ = {isa = PBXBuildFile; fileRef = EFA8608426A50AF100993DDA /* EmptyEnvironment.swift */; };
		EFA8608726A5285300993DDA /* EmptyAction.swift in Sources */ = {isa = PBXBuildFile; fileRef = EFA8608626A5285300993DDA /* EmptyAction.swift */; };
/* End PBXBuildFile section */

/* Begin PBXContainerItemProxy section */
		EFA8600626A16FE200993DDA /* PBXContainerItemProxy */ = {
			isa = PBXContainerItemProxy;
			containerPortal = EFA85FE726A16FE100993DDA /* Project object */;
			proxyType = 1;
			remoteGlobalIDString = EFA85FEE26A16FE100993DDA;
			remoteInfo = AssignmentTimeline;
		};
		EFA8601126A16FE200993DDA /* PBXContainerItemProxy */ = {
			isa = PBXContainerItemProxy;
			containerPortal = EFA85FE726A16FE100993DDA /* Project object */;
			proxyType = 1;
			remoteGlobalIDString = EFA85FEE26A16FE100993DDA;
			remoteInfo = AssignmentTimeline;
		};
/* End PBXContainerItemProxy section */

/* Begin PBXFileReference section */
		EFA85FEF26A16FE100993DDA /* AssignmentTimeline.app */ = {isa = PBXFileReference; explicitFileType = wrapper.application; includeInIndex = 0; path = AssignmentTimeline.app; sourceTree = BUILT_PRODUCTS_DIR; };
		EFA85FF226A16FE100993DDA /* AppDelegate.swift */ = {isa = PBXFileReference; lastKnownFileType = sourcecode.swift; path = AppDelegate.swift; sourceTree = "<group>"; };
		EFA85FF426A16FE100993DDA /* SceneDelegate.swift */ = {isa = PBXFileReference; lastKnownFileType = sourcecode.swift; path = SceneDelegate.swift; sourceTree = "<group>"; };
		EFA85FF626A16FE100993DDA /* ViewController.swift */ = {isa = PBXFileReference; lastKnownFileType = sourcecode.swift; path = ViewController.swift; sourceTree = "<group>"; };
		EFA85FF926A16FE100993DDA /* Base */ = {isa = PBXFileReference; lastKnownFileType = file.storyboard; name = Base; path = Base.lproj/Main.storyboard; sourceTree = "<group>"; };
		EFA85FFB26A16FE200993DDA /* Assets.xcassets */ = {isa = PBXFileReference; lastKnownFileType = folder.assetcatalog; path = Assets.xcassets; sourceTree = "<group>"; };
		EFA85FFE26A16FE200993DDA /* Base */ = {isa = PBXFileReference; lastKnownFileType = file.storyboard; name = Base; path = Base.lproj/LaunchScreen.storyboard; sourceTree = "<group>"; };
		EFA8600026A16FE200993DDA /* Info.plist */ = {isa = PBXFileReference; lastKnownFileType = text.plist.xml; path = Info.plist; sourceTree = "<group>"; };
		EFA8600526A16FE200993DDA /* AssignmentTimelineTests.xctest */ = {isa = PBXFileReference; explicitFileType = wrapper.cfbundle; includeInIndex = 0; path = AssignmentTimelineTests.xctest; sourceTree = BUILT_PRODUCTS_DIR; };
		EFA8600926A16FE200993DDA /* AssignmentTimelineTests.swift */ = {isa = PBXFileReference; lastKnownFileType = sourcecode.swift; path = AssignmentTimelineTests.swift; sourceTree = "<group>"; };
		EFA8600B26A16FE200993DDA /* Info.plist */ = {isa = PBXFileReference; lastKnownFileType = text.plist.xml; path = Info.plist; sourceTree = "<group>"; };
		EFA8601026A16FE200993DDA /* AssignmentTimelineUITests.xctest */ = {isa = PBXFileReference; explicitFileType = wrapper.cfbundle; includeInIndex = 0; path = AssignmentTimelineUITests.xctest; sourceTree = BUILT_PRODUCTS_DIR; };
		EFA8601426A16FE200993DDA /* AssignmentTimelineUITests.swift */ = {isa = PBXFileReference; lastKnownFileType = sourcecode.swift; path = AssignmentTimelineUITests.swift; sourceTree = "<group>"; };
		EFA8601626A16FE200993DDA /* Info.plist */ = {isa = PBXFileReference; lastKnownFileType = text.plist.xml; path = Info.plist; sourceTree = "<group>"; };
		EFA8602426A170DC00993DDA /* URLSessionProtocol.swift */ = {isa = PBXFileReference; lastKnownFileType = sourcecode.swift; path = URLSessionProtocol.swift; sourceTree = "<group>"; };
		EFA8602726A172A600993DDA /* APIRequest.swift */ = {isa = PBXFileReference; lastKnownFileType = sourcecode.swift; path = APIRequest.swift; sourceTree = "<group>"; };
		EFA8602926A173F000993DDA /* APIClient.swift */ = {isa = PBXFileReference; lastKnownFileType = sourcecode.swift; path = APIClient.swift; sourceTree = "<group>"; };
		EFA8602D26A1746C00993DDA /* XCTestCase+.swift */ = {isa = PBXFileReference; lastKnownFileType = sourcecode.swift; path = "XCTestCase+.swift"; sourceTree = "<group>"; };
		EFA8602F26A174BF00993DDA /* Encodable+.swift */ = {isa = PBXFileReference; lastKnownFileType = sourcecode.swift; path = "Encodable+.swift"; sourceTree = "<group>"; };
		EFA8603326A1750D00993DDA /* APIClientTests.swift */ = {isa = PBXFileReference; lastKnownFileType = sourcecode.swift; path = APIClientTests.swift; sourceTree = "<group>"; };
		EFA8603526A175FB00993DDA /* HTTPMethod.swift */ = {isa = PBXFileReference; lastKnownFileType = sourcecode.swift; path = HTTPMethod.swift; sourceTree = "<group>"; };
		EFA8603E26A2A29100993DDA /* EmailAddressValidator.swift */ = {isa = PBXFileReference; lastKnownFileType = sourcecode.swift; path = EmailAddressValidator.swift; sourceTree = "<group>"; };
		EFA8604226A2A51D00993DDA /* EmailAddressValidatorTests.swift */ = {isa = PBXFileReference; lastKnownFileType = sourcecode.swift; path = EmailAddressValidatorTests.swift; sourceTree = "<group>"; };
		EFA8604426A2B2C300993DDA /* Validator.swift */ = {isa = PBXFileReference; lastKnownFileType = sourcecode.swift; path = Validator.swift; sourceTree = "<group>"; };
		EFA8604B26A2BF7500993DDA /* LoginView.swift */ = {isa = PBXFileReference; lastKnownFileType = sourcecode.swift; path = LoginView.swift; sourceTree = "<group>"; };
		EFA8605226A2FCDA00993DDA /* LoginState.swift */ = {isa = PBXFileReference; lastKnownFileType = sourcecode.swift; path = LoginState.swift; sourceTree = "<group>"; };
		EFA8605526A2FCF800993DDA /* LoginAction.swift */ = {isa = PBXFileReference; lastKnownFileType = sourcecode.swift; path = LoginAction.swift; sourceTree = "<group>"; };
		EFA8605826A2FD2600993DDA /* LoginReducer.swift */ = {isa = PBXFileReference; lastKnownFileType = sourcecode.swift; path = LoginReducer.swift; sourceTree = "<group>"; };
		EFA8605C26A2FD9300993DDA /* LoginEnvironment.swift */ = {isa = PBXFileReference; lastKnownFileType = sourcecode.swift; path = LoginEnvironment.swift; sourceTree = "<group>"; };
		EFA8605E26A2FF2D00993DDA /* SharedReducers.swift */ = {isa = PBXFileReference; lastKnownFileType = sourcecode.swift; path = SharedReducers.swift; sourceTree = "<group>"; };
		EFA8606826A30CD200993DDA /* LoginPasswordValidator.swift */ = {isa = PBXFileReference; lastKnownFileType = sourcecode.swift; path = LoginPasswordValidator.swift; sourceTree = "<group>"; };
		EFA8606A26A30E6000993DDA /* LoginPasswordValidatorTests.swift */ = {isa = PBXFileReference; lastKnownFileType = sourcecode.swift; path = LoginPasswordValidatorTests.swift; sourceTree = "<group>"; };
		EFA8606C26A3121A00993DDA /* LoginTextInputView.swift */ = {isa = PBXFileReference; lastKnownFileType = sourcecode.swift; path = LoginTextInputView.swift; sourceTree = "<group>"; };
		EFA8607026A31C6A00993DDA /* LoginRepository.swift */ = {isa = PBXFileReference; lastKnownFileType = sourcecode.swift; path = LoginRepository.swift; sourceTree = "<group>"; };
		EFA8607326A31CE500993DDA /* LoginRequest.swift */ = {isa = PBXFileReference; lastKnownFileType = sourcecode.swift; path = LoginRequest.swift; sourceTree = "<group>"; };
		EFA8607626A31F4200993DDA /* LoginResponse.swift */ = {isa = PBXFileReference; lastKnownFileType = sourcecode.swift; path = LoginResponse.swift; sourceTree = "<group>"; };
		EFA8607A26A3B03700993DDA /* OSLog+network.swift */ = {isa = PBXFileReference; lastKnownFileType = sourcecode.swift; path = "OSLog+network.swift"; sourceTree = "<group>"; };
		EFA8608026A462FF00993DDA /* LoginAlertState.swift */ = {isa = PBXFileReference; lastKnownFileType = sourcecode.swift; path = LoginAlertState.swift; sourceTree = "<group>"; };
		EFA8608226A5083700993DDA /* LoginAlertView.swift */ = {isa = PBXFileReference; lastKnownFileType = sourcecode.swift; path = LoginAlertView.swift; sourceTree = "<group>"; };
		EFA8608426A50AF100993DDA /* EmptyEnvironment.swift */ = {isa = PBXFileReference; lastKnownFileType = sourcecode.swift; path = EmptyEnvironment.swift; sourceTree = "<group>"; };
		EFA8608626A5285300993DDA /* EmptyAction.swift */ = {isa = PBXFileReference; lastKnownFileType = sourcecode.swift; path = EmptyAction.swift; sourceTree = "<group>"; };
/* End PBXFileReference section */

/* Begin PBXFrameworksBuildPhase section */
		EFA85FEC26A16FE100993DDA /* Frameworks */ = {
			isa = PBXFrameworksBuildPhase;
			buildActionMask = 2147483647;
			files = (
				EFA8606526A3027400993DDA /* ComposableArchitecture in Frameworks */,
			);
			runOnlyForDeploymentPostprocessing = 0;
		};
		EFA8600226A16FE200993DDA /* Frameworks */ = {
			isa = PBXFrameworksBuildPhase;
			buildActionMask = 2147483647;
			files = (
			);
			runOnlyForDeploymentPostprocessing = 0;
		};
		EFA8600D26A16FE200993DDA /* Frameworks */ = {
			isa = PBXFrameworksBuildPhase;
			buildActionMask = 2147483647;
			files = (
			);
			runOnlyForDeploymentPostprocessing = 0;
		};
/* End PBXFrameworksBuildPhase section */

/* Begin PBXGroup section */
		EFA85FE626A16FE100993DDA = {
			isa = PBXGroup;
			children = (
				EFA85FF126A16FE100993DDA /* AssignmentTimeline */,
				EFA8600826A16FE200993DDA /* AssignmentTimelineTests */,
				EFA8601326A16FE200993DDA /* AssignmentTimelineUITests */,
				EFA85FF026A16FE100993DDA /* Products */,
			);
			sourceTree = "<group>";
		};
		EFA85FF026A16FE100993DDA /* Products */ = {
			isa = PBXGroup;
			children = (
				EFA85FEF26A16FE100993DDA /* AssignmentTimeline.app */,
				EFA8600526A16FE200993DDA /* AssignmentTimelineTests.xctest */,
				EFA8601026A16FE200993DDA /* AssignmentTimelineUITests.xctest */,
			);
			name = Products;
			sourceTree = "<group>";
		};
		EFA85FF126A16FE100993DDA /* AssignmentTimeline */ = {
			isa = PBXGroup;
			children = (
				EFA8602226A1709700993DDA /* Data */,
				EFA8603C26A2A27700993DDA /* Domain */,
				EFA8603926A29FE900993DDA /* Presentation */,
				EFA8603826A29FD100993DDA /* Resources */,
				EFA85FF226A16FE100993DDA /* AppDelegate.swift */,
				EFA85FF426A16FE100993DDA /* SceneDelegate.swift */,
				EFA8600026A16FE200993DDA /* Info.plist */,
			);
			path = AssignmentTimeline;
			sourceTree = "<group>";
		};
		EFA8600826A16FE200993DDA /* AssignmentTimelineTests */ = {
			isa = PBXGroup;
			children = (
				EFA8603126A174EF00993DDA /* Data */,
				EFA8604026A2A4F200993DDA /* Domain */,
				EFA8602C26A1743900993DDA /* TestUtils */,
				EFA8600926A16FE200993DDA /* AssignmentTimelineTests.swift */,
				EFA8600B26A16FE200993DDA /* Info.plist */,
			);
			path = AssignmentTimelineTests;
			sourceTree = "<group>";
		};
		EFA8601326A16FE200993DDA /* AssignmentTimelineUITests */ = {
			isa = PBXGroup;
			children = (
				EFA8601426A16FE200993DDA /* AssignmentTimelineUITests.swift */,
				EFA8601626A16FE200993DDA /* Info.plist */,
			);
			path = AssignmentTimelineUITests;
			sourceTree = "<group>";
		};
		EFA8602226A1709700993DDA /* Data */ = {
			isa = PBXGroup;
			children = (
				EFA8602626A1727600993DDA /* Network */,
				EFA8602326A170CA00993DDA /* Protocols */,
				EFA8606E26A31C1100993DDA /* Repositories */,
			);
			path = Data;
			sourceTree = "<group>";
		};
		EFA8602326A170CA00993DDA /* Protocols */ = {
			isa = PBXGroup;
			children = (
				EFA8602426A170DC00993DDA /* URLSessionProtocol.swift */,
			);
			path = Protocols;
			sourceTree = "<group>";
		};
		EFA8602626A1727600993DDA /* Network */ = {
			isa = PBXGroup;
			children = (
				EFA8607226A31CD400993DDA /* Requests */,
				EFA8607526A31EB700993DDA /* Responses */,
				EFA8607926A3B02500993DDA /* Utils */,
				EFA8602726A172A600993DDA /* APIRequest.swift */,
				EFA8602926A173F000993DDA /* APIClient.swift */,
				EFA8603526A175FB00993DDA /* HTTPMethod.swift */,
			);
			path = Network;
			sourceTree = "<group>";
		};
		EFA8602C26A1743900993DDA /* TestUtils */ = {
			isa = PBXGroup;
			children = (
				EFA8602F26A174BF00993DDA /* Encodable+.swift */,
				EFA8602D26A1746C00993DDA /* XCTestCase+.swift */,
			);
			path = TestUtils;
			sourceTree = "<group>";
		};
		EFA8603126A174EF00993DDA /* Data */ = {
			isa = PBXGroup;
			children = (
				EFA8603226A1750100993DDA /* Network */,
			);
			path = Data;
			sourceTree = "<group>";
		};
		EFA8603226A1750100993DDA /* Network */ = {
			isa = PBXGroup;
			children = (
				EFA8603326A1750D00993DDA /* APIClientTests.swift */,
			);
			path = Network;
			sourceTree = "<group>";
		};
		EFA8603826A29FD100993DDA /* Resources */ = {
			isa = PBXGroup;
			children = (
				EFA85FFB26A16FE200993DDA /* Assets.xcassets */,
			);
			path = Resources;
			sourceTree = "<group>";
		};
		EFA8603926A29FE900993DDA /* Presentation */ = {
			isa = PBXGroup;
			children = (
				EFA8604926A2BF5800993DDA /* View */,
				EFA8603B26A2A00400993DDA /* ViewControllers */,
				EFA8603A26A29FF500993DDA /* Storyboards */,
			);
			path = Presentation;
			sourceTree = "<group>";
		};
		EFA8603A26A29FF500993DDA /* Storyboards */ = {
			isa = PBXGroup;
			children = (
				EFA85FF826A16FE100993DDA /* Main.storyboard */,
				EFA85FFD26A16FE200993DDA /* LaunchScreen.storyboard */,
			);
			path = Storyboards;
			sourceTree = "<group>";
		};
		EFA8603B26A2A00400993DDA /* ViewControllers */ = {
			isa = PBXGroup;
			children = (
				EFA85FF626A16FE100993DDA /* ViewController.swift */,
			);
			path = ViewControllers;
			sourceTree = "<group>";
		};
		EFA8603C26A2A27700993DDA /* Domain */ = {
			isa = PBXGroup;
			children = (
				EFA8604D26A2F2A600993DDA /* Actions */,
				EFA8605A26A2FD7400993DDA /* Environment */,
				EFA8604F26A2F2E800993DDA /* Reducers */,
				EFA8604E26A2F2DA00993DDA /* State */,
				EFA8603D26A2A28100993DDA /* Validators */,
			);
			path = Domain;
			sourceTree = "<group>";
		};
		EFA8603D26A2A28100993DDA /* Validators */ = {
			isa = PBXGroup;
			children = (
				EFA8603E26A2A29100993DDA /* EmailAddressValidator.swift */,
				EFA8606826A30CD200993DDA /* LoginPasswordValidator.swift */,
				EFA8604426A2B2C300993DDA /* Validator.swift */,
			);
			path = Validators;
			sourceTree = "<group>";
		};
		EFA8604026A2A4F200993DDA /* Domain */ = {
			isa = PBXGroup;
			children = (
				EFA8604126A2A4FB00993DDA /* Validators */,
			);
			path = Domain;
			sourceTree = "<group>";
		};
		EFA8604126A2A4FB00993DDA /* Validators */ = {
			isa = PBXGroup;
			children = (
				EFA8604226A2A51D00993DDA /* EmailAddressValidatorTests.swift */,
				EFA8606A26A30E6000993DDA /* LoginPasswordValidatorTests.swift */,
			);
			path = Validators;
			sourceTree = "<group>";
		};
		EFA8604926A2BF5800993DDA /* View */ = {
			isa = PBXGroup;
			children = (
				EFA8604A26A2BF6000993DDA /* Login */,
			);
			path = View;
			sourceTree = "<group>";
		};
		EFA8604A26A2BF6000993DDA /* Login */ = {
			isa = PBXGroup;
			children = (
				EFA8608226A5083700993DDA /* LoginAlertView.swift */,
				EFA8606C26A3121A00993DDA /* LoginTextInputView.swift */,
				EFA8604B26A2BF7500993DDA /* LoginView.swift */,
			);
			path = Login;
			sourceTree = "<group>";
		};
		EFA8604D26A2F2A600993DDA /* Actions */ = {
			isa = PBXGroup;
			children = (
				EFA8608626A5285300993DDA /* EmptyAction.swift */,
				EFA8605426A2FCED00993DDA /* Login */,
			);
			path = Actions;
			sourceTree = "<group>";
		};
		EFA8604E26A2F2DA00993DDA /* State */ = {
			isa = PBXGroup;
			children = (
				EFA8605126A2FCCF00993DDA /* Login */,
			);
			path = State;
			sourceTree = "<group>";
		};
		EFA8604F26A2F2E800993DDA /* Reducers */ = {
			isa = PBXGroup;
			children = (
				EFA8605E26A2FF2D00993DDA /* SharedReducers.swift */,
				EFA8605726A2FD1800993DDA /* Login */,
			);
			path = Reducers;
			sourceTree = "<group>";
		};
		EFA8605126A2FCCF00993DDA /* Login */ = {
			isa = PBXGroup;
			children = (
				EFA8608026A462FF00993DDA /* LoginAlertState.swift */,
				EFA8605226A2FCDA00993DDA /* LoginState.swift */,
			);
			path = Login;
			sourceTree = "<group>";
		};
		EFA8605426A2FCED00993DDA /* Login */ = {
			isa = PBXGroup;
			children = (
				EFA8605526A2FCF800993DDA /* LoginAction.swift */,
			);
			path = Login;
			sourceTree = "<group>";
		};
		EFA8605726A2FD1800993DDA /* Login */ = {
			isa = PBXGroup;
			children = (
				EFA8605826A2FD2600993DDA /* LoginReducer.swift */,
			);
			path = Login;
			sourceTree = "<group>";
		};
		EFA8605A26A2FD7400993DDA /* Environment */ = {
			isa = PBXGroup;
			children = (
				EFA8605B26A2FD7F00993DDA /* Login */,
				EFA8608426A50AF100993DDA /* EmptyEnvironment.swift */,
			);
			path = Environment;
			sourceTree = "<group>";
		};
		EFA8605B26A2FD7F00993DDA /* Login */ = {
			isa = PBXGroup;
			children = (
				EFA8605C26A2FD9300993DDA /* LoginEnvironment.swift */,
			);
			path = Login;
			sourceTree = "<group>";
		};
		EFA8606E26A31C1100993DDA /* Repositories */ = {
			isa = PBXGroup;
			children = (
				EFA8606F26A31C2C00993DDA /* Login */,
			);
			path = Repositories;
			sourceTree = "<group>";
		};
		EFA8606F26A31C2C00993DDA /* Login */ = {
			isa = PBXGroup;
			children = (
				EFA8607026A31C6A00993DDA /* LoginRepository.swift */,
			);
			path = Login;
			sourceTree = "<group>";
		};
		EFA8607226A31CD400993DDA /* Requests */ = {
			isa = PBXGroup;
			children = (
				EFA8607326A31CE500993DDA /* LoginRequest.swift */,
			);
			path = Requests;
			sourceTree = "<group>";
		};
		EFA8607526A31EB700993DDA /* Responses */ = {
			isa = PBXGroup;
			children = (
				EFA8607626A31F4200993DDA /* LoginResponse.swift */,
			);
			path = Responses;
			sourceTree = "<group>";
		};
		EFA8607926A3B02500993DDA /* Utils */ = {
			isa = PBXGroup;
			children = (
				EFA8607A26A3B03700993DDA /* OSLog+network.swift */,
			);
			path = Utils;
			sourceTree = "<group>";
		};
/* End PBXGroup section */

/* Begin PBXNativeTarget section */
		EFA85FEE26A16FE100993DDA /* AssignmentTimeline */ = {
			isa = PBXNativeTarget;
			buildConfigurationList = EFA8601926A16FE200993DDA /* Build configuration list for PBXNativeTarget "AssignmentTimeline" */;
			buildPhases = (
				EFA85FEB26A16FE100993DDA /* Sources */,
				EFA85FEC26A16FE100993DDA /* Frameworks */,
				EFA85FED26A16FE100993DDA /* Resources */,
				EFA8603726A2993300993DDA /* Run Swiftlint */,
			);
			buildRules = (
			);
			dependencies = (
			);
			name = AssignmentTimeline;
			packageProductDependencies = (
				EFA8604726A2B49900993DDA /* ComposableArchitecture */,
			);
			productName = AssignmentTimeline;
			productReference = EFA85FEF26A16FE100993DDA /* AssignmentTimeline.app */;
			productType = "com.apple.product-type.application";
		};
		EFA8600426A16FE200993DDA /* AssignmentTimelineTests */ = {
			isa = PBXNativeTarget;
			buildConfigurationList = EFA8601C26A16FE200993DDA /* Build configuration list for PBXNativeTarget "AssignmentTimelineTests" */;
			buildPhases = (
				EFA8600126A16FE200993DDA /* Sources */,
				EFA8600226A16FE200993DDA /* Frameworks */,
				EFA8600326A16FE200993DDA /* Resources */,
			);
			buildRules = (
			);
			dependencies = (
				EFA8600726A16FE200993DDA /* PBXTargetDependency */,
			);
			name = AssignmentTimelineTests;
			productName = AssignmentTimelineTests;
			productReference = EFA8600526A16FE200993DDA /* AssignmentTimelineTests.xctest */;
			productType = "com.apple.product-type.bundle.unit-test";
		};
		EFA8600F26A16FE200993DDA /* AssignmentTimelineUITests */ = {
			isa = PBXNativeTarget;
			buildConfigurationList = EFA8601F26A16FE200993DDA /* Build configuration list for PBXNativeTarget "AssignmentTimelineUITests" */;
			buildPhases = (
				EFA8600C26A16FE200993DDA /* Sources */,
				EFA8600D26A16FE200993DDA /* Frameworks */,
				EFA8600E26A16FE200993DDA /* Resources */,
			);
			buildRules = (
			);
			dependencies = (
				EFA8601226A16FE200993DDA /* PBXTargetDependency */,
			);
			name = AssignmentTimelineUITests;
			productName = AssignmentTimelineUITests;
			productReference = EFA8601026A16FE200993DDA /* AssignmentTimelineUITests.xctest */;
			productType = "com.apple.product-type.bundle.ui-testing";
		};
/* End PBXNativeTarget section */

/* Begin PBXProject section */
		EFA85FE726A16FE100993DDA /* Project object */ = {
			isa = PBXProject;
			attributes = {
				LastSwiftUpdateCheck = 1250;
				LastUpgradeCheck = 1250;
				TargetAttributes = {
					EFA85FEE26A16FE100993DDA = {
						CreatedOnToolsVersion = 12.5.1;
					};
					EFA8600426A16FE200993DDA = {
						CreatedOnToolsVersion = 12.5.1;
						TestTargetID = EFA85FEE26A16FE100993DDA;
					};
					EFA8600F26A16FE200993DDA = {
						CreatedOnToolsVersion = 12.5.1;
						TestTargetID = EFA85FEE26A16FE100993DDA;
					};
				};
			};
			buildConfigurationList = EFA85FEA26A16FE100993DDA /* Build configuration list for PBXProject "AssignmentTimeline" */;
			compatibilityVersion = "Xcode 9.3";
			developmentRegion = en;
			hasScannedForEncodings = 0;
			knownRegions = (
				en,
				Base,
			);
			mainGroup = EFA85FE626A16FE100993DDA;
			packageReferences = (
				EFA8604626A2B49900993DDA /* XCRemoteSwiftPackageReference "swift-composable-architecture" */,
			);
			productRefGroup = EFA85FF026A16FE100993DDA /* Products */;
			projectDirPath = "";
			projectRoot = "";
			targets = (
				EFA85FEE26A16FE100993DDA /* AssignmentTimeline */,
				EFA8600426A16FE200993DDA /* AssignmentTimelineTests */,
				EFA8600F26A16FE200993DDA /* AssignmentTimelineUITests */,
			);
		};
/* End PBXProject section */

/* Begin PBXResourcesBuildPhase section */
		EFA85FED26A16FE100993DDA /* Resources */ = {
			isa = PBXResourcesBuildPhase;
			buildActionMask = 2147483647;
			files = (
				EFA85FFF26A16FE200993DDA /* LaunchScreen.storyboard in Resources */,
				EFA85FFC26A16FE200993DDA /* Assets.xcassets in Resources */,
				EFA85FFA26A16FE100993DDA /* Main.storyboard in Resources */,
			);
			runOnlyForDeploymentPostprocessing = 0;
		};
		EFA8600326A16FE200993DDA /* Resources */ = {
			isa = PBXResourcesBuildPhase;
			buildActionMask = 2147483647;
			files = (
			);
			runOnlyForDeploymentPostprocessing = 0;
		};
		EFA8600E26A16FE200993DDA /* Resources */ = {
			isa = PBXResourcesBuildPhase;
			buildActionMask = 2147483647;
			files = (
			);
			runOnlyForDeploymentPostprocessing = 0;
		};
/* End PBXResourcesBuildPhase section */

/* Begin PBXShellScriptBuildPhase section */
		EFA8603726A2993300993DDA /* Run Swiftlint */ = {
			isa = PBXShellScriptBuildPhase;
			buildActionMask = 2147483647;
			files = (
			);
			inputFileListPaths = (
			);
			inputPaths = (
			);
			name = "Run Swiftlint";
			outputFileListPaths = (
			);
			outputPaths = (
			);
			runOnlyForDeploymentPostprocessing = 0;
			shellPath = /bin/sh;
			shellScript = "if which swiftlint >/dev/null; then\n  swiftlint autocorrect --format\n  swiftlint\nelse\n  echo \"warning: SwiftLint not installed, download from https://github.com/realm/SwiftLint\"\nfi\n";
		};
/* End PBXShellScriptBuildPhase section */

/* Begin PBXSourcesBuildPhase section */
		EFA85FEB26A16FE100993DDA /* Sources */ = {
			isa = PBXSourcesBuildPhase;
			buildActionMask = 2147483647;
			files = (
				EFA8608326A5083700993DDA /* LoginAlertView.swift in Sources */,
				EFA8608726A5285300993DDA /* EmptyAction.swift in Sources */,
				EFA8602526A170DC00993DDA /* URLSessionProtocol.swift in Sources */,
				EFA8608126A462FF00993DDA /* LoginAlertState.swift in Sources */,
				EFA8604526A2B2C300993DDA /* Validator.swift in Sources */,
				EFA8607726A31F4200993DDA /* LoginResponse.swift in Sources */,
				EFA8607B26A3B03700993DDA /* OSLog+network.swift in Sources */,
				EFA8607426A31CE500993DDA /* LoginRequest.swift in Sources */,
				EFA85FF726A16FE100993DDA /* ViewController.swift in Sources */,
				EFA8605326A2FCDA00993DDA /* LoginState.swift in Sources */,
				EFA8603F26A2A29100993DDA /* EmailAddressValidator.swift in Sources */,
				EFA8603626A175FB00993DDA /* HTTPMethod.swift in Sources */,
				EFA8605926A2FD2600993DDA /* LoginReducer.swift in Sources */,
				EFA8605D26A2FD9300993DDA /* LoginEnvironment.swift in Sources */,
				EFA85FF326A16FE100993DDA /* AppDelegate.swift in Sources */,
				EFA8606D26A3121A00993DDA /* LoginTextInputView.swift in Sources */,
				EFA8606926A30CD200993DDA /* LoginPasswordValidator.swift in Sources */,
				EFA8602826A172A600993DDA /* APIRequest.swift in Sources */,
				EFA8605F26A2FF2D00993DDA /* SharedReducers.swift in Sources */,
				EFA8608526A50AF100993DDA /* EmptyEnvironment.swift in Sources */,
				EFA85FF526A16FE100993DDA /* SceneDelegate.swift in Sources */,
				EFA8604C26A2BF7500993DDA /* LoginView.swift in Sources */,
				EFA8602A26A173F000993DDA /* APIClient.swift in Sources */,
				EFA8605626A2FCF800993DDA /* LoginAction.swift in Sources */,
				EFA8607126A31C6A00993DDA /* LoginRepository.swift in Sources */,
			);
			runOnlyForDeploymentPostprocessing = 0;
		};
		EFA8600126A16FE200993DDA /* Sources */ = {
			isa = PBXSourcesBuildPhase;
			buildActionMask = 2147483647;
			files = (
				EFA8603026A174BF00993DDA /* Encodable+.swift in Sources */,
				EFA8602E26A1746C00993DDA /* XCTestCase+.swift in Sources */,
				EFA8600A26A16FE200993DDA /* AssignmentTimelineTests.swift in Sources */,
				EFA8606B26A30E6000993DDA /* LoginPasswordValidatorTests.swift in Sources */,
				EFA8604326A2A51D00993DDA /* EmailAddressValidatorTests.swift in Sources */,
				EFA8603426A1750D00993DDA /* APIClientTests.swift in Sources */,
			);
			runOnlyForDeploymentPostprocessing = 0;
		};
		EFA8600C26A16FE200993DDA /* Sources */ = {
			isa = PBXSourcesBuildPhase;
			buildActionMask = 2147483647;
			files = (
				EFA8601526A16FE200993DDA /* AssignmentTimelineUITests.swift in Sources */,
			);
			runOnlyForDeploymentPostprocessing = 0;
		};
/* End PBXSourcesBuildPhase section */

/* Begin PBXTargetDependency section */
		EFA8600726A16FE200993DDA /* PBXTargetDependency */ = {
			isa = PBXTargetDependency;
			target = EFA85FEE26A16FE100993DDA /* AssignmentTimeline */;
			targetProxy = EFA8600626A16FE200993DDA /* PBXContainerItemProxy */;
		};
		EFA8601226A16FE200993DDA /* PBXTargetDependency */ = {
			isa = PBXTargetDependency;
			target = EFA85FEE26A16FE100993DDA /* AssignmentTimeline */;
			targetProxy = EFA8601126A16FE200993DDA /* PBXContainerItemProxy */;
		};
/* End PBXTargetDependency section */

/* Begin PBXVariantGroup section */
		EFA85FF826A16FE100993DDA /* Main.storyboard */ = {
			isa = PBXVariantGroup;
			children = (
				EFA85FF926A16FE100993DDA /* Base */,
			);
			name = Main.storyboard;
			sourceTree = "<group>";
		};
		EFA85FFD26A16FE200993DDA /* LaunchScreen.storyboard */ = {
			isa = PBXVariantGroup;
			children = (
				EFA85FFE26A16FE200993DDA /* Base */,
			);
			name = LaunchScreen.storyboard;
			sourceTree = "<group>";
		};
/* End PBXVariantGroup section */

/* Begin XCBuildConfiguration section */
		EFA8601726A16FE200993DDA /* Debug */ = {
			isa = XCBuildConfiguration;
			buildSettings = {
				ALWAYS_SEARCH_USER_PATHS = NO;
				CLANG_ANALYZER_NONNULL = YES;
				CLANG_ANALYZER_NUMBER_OBJECT_CONVERSION = YES_AGGRESSIVE;
				CLANG_CXX_LANGUAGE_STANDARD = "gnu++14";
				CLANG_CXX_LIBRARY = "libc++";
				CLANG_ENABLE_MODULES = YES;
				CLANG_ENABLE_OBJC_ARC = YES;
				CLANG_ENABLE_OBJC_WEAK = YES;
				CLANG_WARN_BLOCK_CAPTURE_AUTORELEASING = YES;
				CLANG_WARN_BOOL_CONVERSION = YES;
				CLANG_WARN_COMMA = YES;
				CLANG_WARN_CONSTANT_CONVERSION = YES;
				CLANG_WARN_DEPRECATED_OBJC_IMPLEMENTATIONS = YES;
				CLANG_WARN_DIRECT_OBJC_ISA_USAGE = YES_ERROR;
				CLANG_WARN_DOCUMENTATION_COMMENTS = YES;
				CLANG_WARN_EMPTY_BODY = YES;
				CLANG_WARN_ENUM_CONVERSION = YES;
				CLANG_WARN_INFINITE_RECURSION = YES;
				CLANG_WARN_INT_CONVERSION = YES;
				CLANG_WARN_NON_LITERAL_NULL_CONVERSION = YES;
				CLANG_WARN_OBJC_IMPLICIT_RETAIN_SELF = YES;
				CLANG_WARN_OBJC_LITERAL_CONVERSION = YES;
				CLANG_WARN_OBJC_ROOT_CLASS = YES_ERROR;
				CLANG_WARN_QUOTED_INCLUDE_IN_FRAMEWORK_HEADER = YES;
				CLANG_WARN_RANGE_LOOP_ANALYSIS = YES;
				CLANG_WARN_STRICT_PROTOTYPES = YES;
				CLANG_WARN_SUSPICIOUS_MOVE = YES;
				CLANG_WARN_UNGUARDED_AVAILABILITY = YES_AGGRESSIVE;
				CLANG_WARN_UNREACHABLE_CODE = YES;
				CLANG_WARN__DUPLICATE_METHOD_MATCH = YES;
				COPY_PHASE_STRIP = NO;
				DEBUG_INFORMATION_FORMAT = dwarf;
				ENABLE_STRICT_OBJC_MSGSEND = YES;
				ENABLE_TESTABILITY = YES;
				GCC_C_LANGUAGE_STANDARD = gnu11;
				GCC_DYNAMIC_NO_PIC = NO;
				GCC_NO_COMMON_BLOCKS = YES;
				GCC_OPTIMIZATION_LEVEL = 0;
				GCC_PREPROCESSOR_DEFINITIONS = (
					"DEBUG=1",
					"$(inherited)",
				);
				GCC_WARN_64_TO_32_BIT_CONVERSION = YES;
				GCC_WARN_ABOUT_RETURN_TYPE = YES_ERROR;
				GCC_WARN_UNDECLARED_SELECTOR = YES;
				GCC_WARN_UNINITIALIZED_AUTOS = YES_AGGRESSIVE;
				GCC_WARN_UNUSED_FUNCTION = YES;
				GCC_WARN_UNUSED_VARIABLE = YES;
				IPHONEOS_DEPLOYMENT_TARGET = 13.0;
				MTL_ENABLE_DEBUG_INFO = INCLUDE_SOURCE;
				MTL_FAST_MATH = YES;
				ONLY_ACTIVE_ARCH = YES;
				SDKROOT = iphoneos;
				SWIFT_ACTIVE_COMPILATION_CONDITIONS = DEBUG;
				SWIFT_OPTIMIZATION_LEVEL = "-Onone";
			};
			name = Debug;
		};
		EFA8601826A16FE200993DDA /* Release */ = {
			isa = XCBuildConfiguration;
			buildSettings = {
				ALWAYS_SEARCH_USER_PATHS = NO;
				CLANG_ANALYZER_NONNULL = YES;
				CLANG_ANALYZER_NUMBER_OBJECT_CONVERSION = YES_AGGRESSIVE;
				CLANG_CXX_LANGUAGE_STANDARD = "gnu++14";
				CLANG_CXX_LIBRARY = "libc++";
				CLANG_ENABLE_MODULES = YES;
				CLANG_ENABLE_OBJC_ARC = YES;
				CLANG_ENABLE_OBJC_WEAK = YES;
				CLANG_WARN_BLOCK_CAPTURE_AUTORELEASING = YES;
				CLANG_WARN_BOOL_CONVERSION = YES;
				CLANG_WARN_COMMA = YES;
				CLANG_WARN_CONSTANT_CONVERSION = YES;
				CLANG_WARN_DEPRECATED_OBJC_IMPLEMENTATIONS = YES;
				CLANG_WARN_DIRECT_OBJC_ISA_USAGE = YES_ERROR;
				CLANG_WARN_DOCUMENTATION_COMMENTS = YES;
				CLANG_WARN_EMPTY_BODY = YES;
				CLANG_WARN_ENUM_CONVERSION = YES;
				CLANG_WARN_INFINITE_RECURSION = YES;
				CLANG_WARN_INT_CONVERSION = YES;
				CLANG_WARN_NON_LITERAL_NULL_CONVERSION = YES;
				CLANG_WARN_OBJC_IMPLICIT_RETAIN_SELF = YES;
				CLANG_WARN_OBJC_LITERAL_CONVERSION = YES;
				CLANG_WARN_OBJC_ROOT_CLASS = YES_ERROR;
				CLANG_WARN_QUOTED_INCLUDE_IN_FRAMEWORK_HEADER = YES;
				CLANG_WARN_RANGE_LOOP_ANALYSIS = YES;
				CLANG_WARN_STRICT_PROTOTYPES = YES;
				CLANG_WARN_SUSPICIOUS_MOVE = YES;
				CLANG_WARN_UNGUARDED_AVAILABILITY = YES_AGGRESSIVE;
				CLANG_WARN_UNREACHABLE_CODE = YES;
				CLANG_WARN__DUPLICATE_METHOD_MATCH = YES;
				COPY_PHASE_STRIP = NO;
				DEBUG_INFORMATION_FORMAT = "dwarf-with-dsym";
				ENABLE_NS_ASSERTIONS = NO;
				ENABLE_STRICT_OBJC_MSGSEND = YES;
				GCC_C_LANGUAGE_STANDARD = gnu11;
				GCC_NO_COMMON_BLOCKS = YES;
				GCC_WARN_64_TO_32_BIT_CONVERSION = YES;
				GCC_WARN_ABOUT_RETURN_TYPE = YES_ERROR;
				GCC_WARN_UNDECLARED_SELECTOR = YES;
				GCC_WARN_UNINITIALIZED_AUTOS = YES_AGGRESSIVE;
				GCC_WARN_UNUSED_FUNCTION = YES;
				GCC_WARN_UNUSED_VARIABLE = YES;
				IPHONEOS_DEPLOYMENT_TARGET = 13.0;
				MTL_ENABLE_DEBUG_INFO = NO;
				MTL_FAST_MATH = YES;
				SDKROOT = iphoneos;
				SWIFT_COMPILATION_MODE = wholemodule;
				SWIFT_OPTIMIZATION_LEVEL = "-O";
				VALIDATE_PRODUCT = YES;
			};
			name = Release;
		};
		EFA8601A26A16FE200993DDA /* Debug */ = {
			isa = XCBuildConfiguration;
			buildSettings = {
				ASSETCATALOG_COMPILER_APPICON_NAME = AppIcon;
				ASSETCATALOG_COMPILER_GLOBAL_ACCENT_COLOR_NAME = AccentColor;
				CODE_SIGN_STYLE = Automatic;
				DEVELOPMENT_TEAM = TE5VXS8N2M;
				INFOPLIST_FILE = AssignmentTimeline/Info.plist;
				IPHONEOS_DEPLOYMENT_TARGET = 13.0;
				LD_RUNPATH_SEARCH_PATHS = (
					"$(inherited)",
					"@executable_path/Frameworks",
				);
				PRODUCT_BUNDLE_IDENTIFIER = flyingalpaca.AssignmentTimeline;
				PRODUCT_NAME = "$(TARGET_NAME)";
				SWIFT_VERSION = 5.0;
				TARGETED_DEVICE_FAMILY = "1,2";
			};
			name = Debug;
		};
		EFA8601B26A16FE200993DDA /* Release */ = {
			isa = XCBuildConfiguration;
			buildSettings = {
				ASSETCATALOG_COMPILER_APPICON_NAME = AppIcon;
				ASSETCATALOG_COMPILER_GLOBAL_ACCENT_COLOR_NAME = AccentColor;
				CODE_SIGN_STYLE = Automatic;
				DEVELOPMENT_TEAM = TE5VXS8N2M;
				INFOPLIST_FILE = AssignmentTimeline/Info.plist;
				IPHONEOS_DEPLOYMENT_TARGET = 13.0;
				LD_RUNPATH_SEARCH_PATHS = (
					"$(inherited)",
					"@executable_path/Frameworks",
				);
				PRODUCT_BUNDLE_IDENTIFIER = flyingalpaca.AssignmentTimeline;
				PRODUCT_NAME = "$(TARGET_NAME)";
				SWIFT_VERSION = 5.0;
				TARGETED_DEVICE_FAMILY = "1,2";
			};
			name = Release;
		};
		EFA8601D26A16FE200993DDA /* Debug */ = {
			isa = XCBuildConfiguration;
			buildSettings = {
				ALWAYS_EMBED_SWIFT_STANDARD_LIBRARIES = YES;
				BUNDLE_LOADER = "$(TEST_HOST)";
				CODE_SIGN_STYLE = Automatic;
				DEVELOPMENT_TEAM = TE5VXS8N2M;
				INFOPLIST_FILE = AssignmentTimelineTests/Info.plist;
				IPHONEOS_DEPLOYMENT_TARGET = 14.5;
				LD_RUNPATH_SEARCH_PATHS = (
					"$(inherited)",
					"@executable_path/Frameworks",
					"@loader_path/Frameworks",
				);
				PRODUCT_BUNDLE_IDENTIFIER = flyingalpaca.AssignmentTimelineTests;
				PRODUCT_NAME = "$(TARGET_NAME)";
				SWIFT_VERSION = 5.0;
				TARGETED_DEVICE_FAMILY = "1,2";
				TEST_HOST = "$(BUILT_PRODUCTS_DIR)/AssignmentTimeline.app/AssignmentTimeline";
			};
			name = Debug;
		};
		EFA8601E26A16FE200993DDA /* Release */ = {
			isa = XCBuildConfiguration;
			buildSettings = {
				ALWAYS_EMBED_SWIFT_STANDARD_LIBRARIES = YES;
				BUNDLE_LOADER = "$(TEST_HOST)";
				CODE_SIGN_STYLE = Automatic;
				DEVELOPMENT_TEAM = TE5VXS8N2M;
				INFOPLIST_FILE = AssignmentTimelineTests/Info.plist;
				IPHONEOS_DEPLOYMENT_TARGET = 14.5;
				LD_RUNPATH_SEARCH_PATHS = (
					"$(inherited)",
					"@executable_path/Frameworks",
					"@loader_path/Frameworks",
				);
				PRODUCT_BUNDLE_IDENTIFIER = flyingalpaca.AssignmentTimelineTests;
				PRODUCT_NAME = "$(TARGET_NAME)";
				SWIFT_VERSION = 5.0;
				TARGETED_DEVICE_FAMILY = "1,2";
				TEST_HOST = "$(BUILT_PRODUCTS_DIR)/AssignmentTimeline.app/AssignmentTimeline";
			};
			name = Release;
		};
		EFA8602026A16FE200993DDA /* Debug */ = {
			isa = XCBuildConfiguration;
			buildSettings = {
				ALWAYS_EMBED_SWIFT_STANDARD_LIBRARIES = YES;
				CODE_SIGN_STYLE = Automatic;
				DEVELOPMENT_TEAM = TE5VXS8N2M;
				INFOPLIST_FILE = AssignmentTimelineUITests/Info.plist;
				LD_RUNPATH_SEARCH_PATHS = (
					"$(inherited)",
					"@executable_path/Frameworks",
					"@loader_path/Frameworks",
				);
				PRODUCT_BUNDLE_IDENTIFIER = flyingalpaca.AssignmentTimelineUITests;
				PRODUCT_NAME = "$(TARGET_NAME)";
				SWIFT_VERSION = 5.0;
				TARGETED_DEVICE_FAMILY = "1,2";
				TEST_TARGET_NAME = AssignmentTimeline;
			};
			name = Debug;
		};
		EFA8602126A16FE200993DDA /* Release */ = {
			isa = XCBuildConfiguration;
			buildSettings = {
				ALWAYS_EMBED_SWIFT_STANDARD_LIBRARIES = YES;
				CODE_SIGN_STYLE = Automatic;
				DEVELOPMENT_TEAM = TE5VXS8N2M;
				INFOPLIST_FILE = AssignmentTimelineUITests/Info.plist;
				LD_RUNPATH_SEARCH_PATHS = (
					"$(inherited)",
					"@executable_path/Frameworks",
					"@loader_path/Frameworks",
				);
				PRODUCT_BUNDLE_IDENTIFIER = flyingalpaca.AssignmentTimelineUITests;
				PRODUCT_NAME = "$(TARGET_NAME)";
				SWIFT_VERSION = 5.0;
				TARGETED_DEVICE_FAMILY = "1,2";
				TEST_TARGET_NAME = AssignmentTimeline;
			};
			name = Release;
		};
/* End XCBuildConfiguration section */

/* Begin XCConfigurationList section */
		EFA85FEA26A16FE100993DDA /* Build configuration list for PBXProject "AssignmentTimeline" */ = {
			isa = XCConfigurationList;
			buildConfigurations = (
				EFA8601726A16FE200993DDA /* Debug */,
				EFA8601826A16FE200993DDA /* Release */,
			);
			defaultConfigurationIsVisible = 0;
			defaultConfigurationName = Release;
		};
		EFA8601926A16FE200993DDA /* Build configuration list for PBXNativeTarget "AssignmentTimeline" */ = {
			isa = XCConfigurationList;
			buildConfigurations = (
				EFA8601A26A16FE200993DDA /* Debug */,
				EFA8601B26A16FE200993DDA /* Release */,
			);
			defaultConfigurationIsVisible = 0;
			defaultConfigurationName = Release;
		};
		EFA8601C26A16FE200993DDA /* Build configuration list for PBXNativeTarget "AssignmentTimelineTests" */ = {
			isa = XCConfigurationList;
			buildConfigurations = (
				EFA8601D26A16FE200993DDA /* Debug */,
				EFA8601E26A16FE200993DDA /* Release */,
			);
			defaultConfigurationIsVisible = 0;
			defaultConfigurationName = Release;
		};
		EFA8601F26A16FE200993DDA /* Build configuration list for PBXNativeTarget "AssignmentTimelineUITests" */ = {
			isa = XCConfigurationList;
			buildConfigurations = (
				EFA8602026A16FE200993DDA /* Debug */,
				EFA8602126A16FE200993DDA /* Release */,
			);
			defaultConfigurationIsVisible = 0;
			defaultConfigurationName = Release;
		};
/* End XCConfigurationList section */

/* Begin XCRemoteSwiftPackageReference section */
		EFA8604626A2B49900993DDA /* XCRemoteSwiftPackageReference "swift-composable-architecture" */ = {
			isa = XCRemoteSwiftPackageReference;
			repositoryURL = "https://github.com/pointfreeco/swift-composable-architecture";
			requirement = {
				kind = upToNextMinorVersion;
				minimumVersion = 0.22.0;
			};
		};
/* End XCRemoteSwiftPackageReference section */

/* Begin XCSwiftPackageProductDependency section */
		EFA8604726A2B49900993DDA /* ComposableArchitecture */ = {
			isa = XCSwiftPackageProductDependency;
			package = EFA8604626A2B49900993DDA /* XCRemoteSwiftPackageReference "swift-composable-architecture" */;
			productName = ComposableArchitecture;
		};
/* End XCSwiftPackageProductDependency section */
	};
	rootObject = EFA85FE726A16FE100993DDA /* Project object */;
}
